
Microsoft Visual Studio Solution File, Format Version 12.00
# Visual Studio Version 17
VisualStudioVersion = 17.4.33205.214
MinimumVisualStudioVersion = 10.0.40219.1
Project("{2150E333-8FDC-42A3-9474-1A3956D46DE8}") = "Services", "Services", "{BDB6631F-9297-4FC7-8DA6-2BC8FF39C98D}"
EndProject
Project("{2150E333-8FDC-42A3-9474-1A3956D46DE8}") = "Catalog", "Catalog", "{07D87DF2-77BE-41B4-AD03-053382D3979F}"
EndProject
Project("{FAE04EC0-301F-11D3-BF4B-00C04F79EFBC}") = "Catalog.API", "..\src\Services\Catalog\Catalog.API\Catalog.API.csproj", "{8A0E6ECE-A391-4996-8671-4C490E90B032}"
EndProject
Global
	GlobalSection(SolutionConfigurationPlatforms) = preSolution
		Debug|Any CPU = Debug|Any CPU
		Release|Any CPU = Release|Any CPU
	EndGlobalSection
	GlobalSection(ProjectConfigurationPlatforms) = postSolution
		{8A0E6ECE-A391-4996-8671-4C490E90B032}.Debug|Any CPU.ActiveCfg = Debug|Any CPU
		{8A0E6ECE-A391-4996-8671-4C490E90B032}.Debug|Any CPU.Build.0 = Debug|Any CPU
		{8A0E6ECE-A391-4996-8671-4C490E90B032}.Release|Any CPU.ActiveCfg = Release|Any CPU
		{8A0E6ECE-A391-4996-8671-4C490E90B032}.Release|Any CPU.Build.0 = Release|Any CPU
	EndGlobalSection
	GlobalSection(SolutionProperties) = preSolution
		HideSolutionNode = FALSE
	EndGlobalSection
	GlobalSection(NestedProjects) = preSolution
		{07D87DF2-77BE-41B4-AD03-053382D3979F} = {BDB6631F-9297-4FC7-8DA6-2BC8FF39C98D}
		{8A0E6ECE-A391-4996-8671-4C490E90B032} = {07D87DF2-77BE-41B4-AD03-053382D3979F}
	EndGlobalSection
	GlobalSection(ExtensibilityGlobals) = postSolution
		SolutionGuid = {B341431F-6A00-485A-B02C-6E0DB1105EFD}
	EndGlobalSection
EndGlobal
