
Microsoft Visual Studio Solution File, Format Version 12.00
# Visual Studio Version 17
VisualStudioVersion = 17.4.33205.214
MinimumVisualStudioVersion = 10.0.40219.1
Project("{2150E333-8FDC-42A3-9474-1A3956D46DE8}") = "Services", "Services", "{BDB6631F-9297-4FC7-8DA6-2BC8FF39C98D}"
EndProject
Project("{2150E333-8FDC-42A3-9474-1A3956D46DE8}") = "Catalog", "Catalog", "{07D87DF2-77BE-41B4-AD03-053382D3979F}"
EndProject
Project("{9A19103F-16F7-4668-BE54-9A1E7A4F7556}") = "Catalog.API", "Services\Catalog\Catalog.API\Catalog.API.csproj", "{8A0E6ECE-A391-4996-8671-4C490E90B032}"
EndProject
Project("{E53339B2-1760-4266-BCC7-CA923CBCF16C}") = "docker-compose", "docker-compose.dcproj", "{F0255983-F515-47C4-9682-B96EC15946BB}"
EndProject
Project("{2150E333-8FDC-42A3-9474-1A3956D46DE8}") = "Basket", "Basket", "{35BDFD80-193D-4503-9498-E74FE83954BE}"
EndProject
Project("{9A19103F-16F7-4668-BE54-9A1E7A4F7556}") = "Basket.API", "Services\Basket\Basket.API\Basket.API.csproj", "{ADB674E1-69AE-408E-A9A8-2E7DF10693A6}"
EndProject
Project("{2150E333-8FDC-42A3-9474-1A3956D46DE8}") = "Discount", "Discount", "{A0078284-F01A-489B-A0B6-ECFDD5189AAA}"
EndProject
Project("{9A19103F-16F7-4668-BE54-9A1E7A4F7556}") = "Discount.API", "Services\Discount\Discount.API\Discount.API.csproj", "{3C880944-AB53-4E31-ACBC-CAB3B632AE64}"
EndProject
Project("{9A19103F-16F7-4668-BE54-9A1E7A4F7556}") = "Discount.Grpc", "Services\Discount\Discount.Grpc\Discount.Grpc.csproj", "{E0AB8441-2536-4153-96B2-12DFEBBA497A}"
EndProject
Project("{2150E333-8FDC-42A3-9474-1A3956D46DE8}") = "Ordering", "Ordering", "{75F7248C-F069-4C57-9ADF-DBC6EEBF7078}"
EndProject
Project("{9A19103F-16F7-4668-BE54-9A1E7A4F7556}") = "Ordering.API", "Services\Ordering\Ordering.API\Ordering.API.csproj", "{C74AAD7B-5AA1-4F9C-88B8-FF9A4B681B0A}"
EndProject
Project("{9A19103F-16F7-4668-BE54-9A1E7A4F7556}") = "Ordering.Domain", "Services\Ordering\Ordering.Domain\Ordering.Domain.csproj", "{4F60C48C-082F-4A28-BE66-86AAC8A3D5A9}"
EndProject
Project("{9A19103F-16F7-4668-BE54-9A1E7A4F7556}") = "Ordering.Application", "Services\Ordering\Ordering.Application\Ordering.Application.csproj", "{9D5A5664-0235-43DA-A9AF-83B02D89059A}"
EndProject
Project("{9A19103F-16F7-4668-BE54-9A1E7A4F7556}") = "Ordering.Infrastructure", "Services\Ordering\Ordering.Infrastructure\Ordering.Infrastructure.csproj", "{AD20AD81-33F4-4559-B690-206D790A161D}"
EndProject
Project("{2150E333-8FDC-42A3-9474-1A3956D46DE8}") = "BuildingBlocks", "BuildingBlocks", "{30F96B84-A68D-418F-AFA8-0847BD6C1E6F}"
EndProject
Project("{2150E333-8FDC-42A3-9474-1A3956D46DE8}") = "Common.Logging", "Common.Logging", "{BF1018F3-FC62-4939-A192-4D3D459D858C}"
EndProject
Project("{2150E333-8FDC-42A3-9474-1A3956D46DE8}") = "EventBus.Messages", "EventBus.Messages", "{A382A142-CA85-4F64-99B2-A23B93AAF5FD}"
EndProject
Project("{9A19103F-16F7-4668-BE54-9A1E7A4F7556}") = "Common.Logging", "BuildingBlocks\Common.Logging\Common.Logging.csproj", "{A13A11AC-D9AF-47F9-93F0-9F22C74650B6}"
EndProject
Project("{9A19103F-16F7-4668-BE54-9A1E7A4F7556}") = "EventBus.Messages", "BuildingBlocks\EventBus.Messages\EventBus.Messages.csproj", "{DCEE6782-BCFA-46EB-B676-46C0678444C5}"
EndProject
Project("{2150E333-8FDC-42A3-9474-1A3956D46DE8}") = "ApiGateways", "ApiGateways", "{3F2C4A81-BF3E-4D3B-A0CC-23C4D1D3889C}"
EndProject
Project("{9A19103F-16F7-4668-BE54-9A1E7A4F7556}") = "OcelotApiGw", "ApiGateways\OcelotApiGw\OcelotApiGw.csproj", "{2CC2DDC5-31D2-4B6C-8E28-963F9587D586}"
EndProject
Project("{9A19103F-16F7-4668-BE54-9A1E7A4F7556}") = "Shopping.Aggregator", "ApiGateways\Shopping.Aggregator\Shopping.Aggregator.csproj", "{E07AE562-1450-405A-810E-394E4AF53DD3}"
EndProject
Project("{2150E333-8FDC-42A3-9474-1A3956D46DE8}") = "WebApps", "WebApps", "{84E29F69-DCC0-4A8A-86ED-37B7830B1712}"
EndProject
Project("{9A19103F-16F7-4668-BE54-9A1E7A4F7556}") = "AspnetRunBasics", "WebApps\AspnetRunBasics\AspnetRunBasics.csproj", "{06C2FD12-9686-401F-BCEE-AD4CC6B4372A}"
EndProject
Global
	GlobalSection(SolutionConfigurationPlatforms) = preSolution
		Debug|Any CPU = Debug|Any CPU
		Release|Any CPU = Release|Any CPU
	EndGlobalSection
	GlobalSection(ProjectConfigurationPlatforms) = postSolution
		{8A0E6ECE-A391-4996-8671-4C490E90B032}.Debug|Any CPU.ActiveCfg = Debug|Any CPU
		{8A0E6ECE-A391-4996-8671-4C490E90B032}.Debug|Any CPU.Build.0 = Debug|Any CPU
		{8A0E6ECE-A391-4996-8671-4C490E90B032}.Release|Any CPU.ActiveCfg = Release|Any CPU
		{8A0E6ECE-A391-4996-8671-4C490E90B032}.Release|Any CPU.Build.0 = Release|Any CPU
		{F0255983-F515-47C4-9682-B96EC15946BB}.Debug|Any CPU.ActiveCfg = Debug|Any CPU
		{F0255983-F515-47C4-9682-B96EC15946BB}.Debug|Any CPU.Build.0 = Debug|Any CPU
		{F0255983-F515-47C4-9682-B96EC15946BB}.Release|Any CPU.ActiveCfg = Release|Any CPU
		{F0255983-F515-47C4-9682-B96EC15946BB}.Release|Any CPU.Build.0 = Release|Any CPU
		{ADB674E1-69AE-408E-A9A8-2E7DF10693A6}.Debug|Any CPU.ActiveCfg = Debug|Any CPU
		{ADB674E1-69AE-408E-A9A8-2E7DF10693A6}.Debug|Any CPU.Build.0 = Debug|Any CPU
		{ADB674E1-69AE-408E-A9A8-2E7DF10693A6}.Release|Any CPU.ActiveCfg = Release|Any CPU
		{ADB674E1-69AE-408E-A9A8-2E7DF10693A6}.Release|Any CPU.Build.0 = Release|Any CPU
		{3C880944-AB53-4E31-ACBC-CAB3B632AE64}.Debug|Any CPU.ActiveCfg = Debug|Any CPU
		{3C880944-AB53-4E31-ACBC-CAB3B632AE64}.Debug|Any CPU.Build.0 = Debug|Any CPU
		{3C880944-AB53-4E31-ACBC-CAB3B632AE64}.Release|Any CPU.ActiveCfg = Release|Any CPU
		{3C880944-AB53-4E31-ACBC-CAB3B632AE64}.Release|Any CPU.Build.0 = Release|Any CPU
		{E0AB8441-2536-4153-96B2-12DFEBBA497A}.Debug|Any CPU.ActiveCfg = Debug|Any CPU
		{E0AB8441-2536-4153-96B2-12DFEBBA497A}.Debug|Any CPU.Build.0 = Debug|Any CPU
		{E0AB8441-2536-4153-96B2-12DFEBBA497A}.Release|Any CPU.ActiveCfg = Release|Any CPU
		{E0AB8441-2536-4153-96B2-12DFEBBA497A}.Release|Any CPU.Build.0 = Release|Any CPU
		{C74AAD7B-5AA1-4F9C-88B8-FF9A4B681B0A}.Debug|Any CPU.ActiveCfg = Debug|Any CPU
		{C74AAD7B-5AA1-4F9C-88B8-FF9A4B681B0A}.Debug|Any CPU.Build.0 = Debug|Any CPU
		{C74AAD7B-5AA1-4F9C-88B8-FF9A4B681B0A}.Release|Any CPU.ActiveCfg = Release|Any CPU
		{C74AAD7B-5AA1-4F9C-88B8-FF9A4B681B0A}.Release|Any CPU.Build.0 = Release|Any CPU
		{4F60C48C-082F-4A28-BE66-86AAC8A3D5A9}.Debug|Any CPU.ActiveCfg = Debug|Any CPU
		{4F60C48C-082F-4A28-BE66-86AAC8A3D5A9}.Debug|Any CPU.Build.0 = Debug|Any CPU
		{4F60C48C-082F-4A28-BE66-86AAC8A3D5A9}.Release|Any CPU.ActiveCfg = Release|Any CPU
		{4F60C48C-082F-4A28-BE66-86AAC8A3D5A9}.Release|Any CPU.Build.0 = Release|Any CPU
		{9D5A5664-0235-43DA-A9AF-83B02D89059A}.Debug|Any CPU.ActiveCfg = Debug|Any CPU
		{9D5A5664-0235-43DA-A9AF-83B02D89059A}.Debug|Any CPU.Build.0 = Debug|Any CPU
		{9D5A5664-0235-43DA-A9AF-83B02D89059A}.Release|Any CPU.ActiveCfg = Release|Any CPU
		{9D5A5664-0235-43DA-A9AF-83B02D89059A}.Release|Any CPU.Build.0 = Release|Any CPU
		{AD20AD81-33F4-4559-B690-206D790A161D}.Debug|Any CPU.ActiveCfg = Debug|Any CPU
		{AD20AD81-33F4-4559-B690-206D790A161D}.Debug|Any CPU.Build.0 = Debug|Any CPU
		{AD20AD81-33F4-4559-B690-206D790A161D}.Release|Any CPU.ActiveCfg = Release|Any CPU
		{AD20AD81-33F4-4559-B690-206D790A161D}.Release|Any CPU.Build.0 = Release|Any CPU
		{A13A11AC-D9AF-47F9-93F0-9F22C74650B6}.Debug|Any CPU.ActiveCfg = Debug|Any CPU
		{A13A11AC-D9AF-47F9-93F0-9F22C74650B6}.Debug|Any CPU.Build.0 = Debug|Any CPU
		{A13A11AC-D9AF-47F9-93F0-9F22C74650B6}.Release|Any CPU.ActiveCfg = Release|Any CPU
		{A13A11AC-D9AF-47F9-93F0-9F22C74650B6}.Release|Any CPU.Build.0 = Release|Any CPU
		{DCEE6782-BCFA-46EB-B676-46C0678444C5}.Debug|Any CPU.ActiveCfg = Debug|Any CPU
		{DCEE6782-BCFA-46EB-B676-46C0678444C5}.Debug|Any CPU.Build.0 = Debug|Any CPU
		{DCEE6782-BCFA-46EB-B676-46C0678444C5}.Release|Any CPU.ActiveCfg = Release|Any CPU
		{DCEE6782-BCFA-46EB-B676-46C0678444C5}.Release|Any CPU.Build.0 = Release|Any CPU
		{2CC2DDC5-31D2-4B6C-8E28-963F9587D586}.Debug|Any CPU.ActiveCfg = Debug|Any CPU
		{2CC2DDC5-31D2-4B6C-8E28-963F9587D586}.Debug|Any CPU.Build.0 = Debug|Any CPU
		{2CC2DDC5-31D2-4B6C-8E28-963F9587D586}.Release|Any CPU.ActiveCfg = Release|Any CPU
		{2CC2DDC5-31D2-4B6C-8E28-963F9587D586}.Release|Any CPU.Build.0 = Release|Any CPU
		{E07AE562-1450-405A-810E-394E4AF53DD3}.Debug|Any CPU.ActiveCfg = Debug|Any CPU
		{E07AE562-1450-405A-810E-394E4AF53DD3}.Debug|Any CPU.Build.0 = Debug|Any CPU
		{E07AE562-1450-405A-810E-394E4AF53DD3}.Release|Any CPU.ActiveCfg = Release|Any CPU
		{E07AE562-1450-405A-810E-394E4AF53DD3}.Release|Any CPU.Build.0 = Release|Any CPU
		{06C2FD12-9686-401F-BCEE-AD4CC6B4372A}.Debug|Any CPU.ActiveCfg = Debug|Any CPU
		{06C2FD12-9686-401F-BCEE-AD4CC6B4372A}.Debug|Any CPU.Build.0 = Debug|Any CPU
		{06C2FD12-9686-401F-BCEE-AD4CC6B4372A}.Release|Any CPU.ActiveCfg = Release|Any CPU
		{06C2FD12-9686-401F-BCEE-AD4CC6B4372A}.Release|Any CPU.Build.0 = Release|Any CPU
	EndGlobalSection
	GlobalSection(SolutionProperties) = preSolution
		HideSolutionNode = FALSE
	EndGlobalSection
	GlobalSection(NestedProjects) = preSolution
		{07D87DF2-77BE-41B4-AD03-053382D3979F} = {BDB6631F-9297-4FC7-8DA6-2BC8FF39C98D}
		{8A0E6ECE-A391-4996-8671-4C490E90B032} = {07D87DF2-77BE-41B4-AD03-053382D3979F}
		{35BDFD80-193D-4503-9498-E74FE83954BE} = {BDB6631F-9297-4FC7-8DA6-2BC8FF39C98D}
		{ADB674E1-69AE-408E-A9A8-2E7DF10693A6} = {35BDFD80-193D-4503-9498-E74FE83954BE}
		{A0078284-F01A-489B-A0B6-ECFDD5189AAA} = {BDB6631F-9297-4FC7-8DA6-2BC8FF39C98D}
		{3C880944-AB53-4E31-ACBC-CAB3B632AE64} = {A0078284-F01A-489B-A0B6-ECFDD5189AAA}
		{E0AB8441-2536-4153-96B2-12DFEBBA497A} = {A0078284-F01A-489B-A0B6-ECFDD5189AAA}
		{75F7248C-F069-4C57-9ADF-DBC6EEBF7078} = {BDB6631F-9297-4FC7-8DA6-2BC8FF39C98D}
		{C74AAD7B-5AA1-4F9C-88B8-FF9A4B681B0A} = {75F7248C-F069-4C57-9ADF-DBC6EEBF7078}
		{4F60C48C-082F-4A28-BE66-86AAC8A3D5A9} = {75F7248C-F069-4C57-9ADF-DBC6EEBF7078}
		{9D5A5664-0235-43DA-A9AF-83B02D89059A} = {75F7248C-F069-4C57-9ADF-DBC6EEBF7078}
		{AD20AD81-33F4-4559-B690-206D790A161D} = {75F7248C-F069-4C57-9ADF-DBC6EEBF7078}
		{BF1018F3-FC62-4939-A192-4D3D459D858C} = {30F96B84-A68D-418F-AFA8-0847BD6C1E6F}
		{A382A142-CA85-4F64-99B2-A23B93AAF5FD} = {30F96B84-A68D-418F-AFA8-0847BD6C1E6F}
		{A13A11AC-D9AF-47F9-93F0-9F22C74650B6} = {BF1018F3-FC62-4939-A192-4D3D459D858C}
		{DCEE6782-BCFA-46EB-B676-46C0678444C5} = {A382A142-CA85-4F64-99B2-A23B93AAF5FD}
		{2CC2DDC5-31D2-4B6C-8E28-963F9587D586} = {3F2C4A81-BF3E-4D3B-A0CC-23C4D1D3889C}
		{E07AE562-1450-405A-810E-394E4AF53DD3} = {3F2C4A81-BF3E-4D3B-A0CC-23C4D1D3889C}
		{06C2FD12-9686-401F-BCEE-AD4CC6B4372A} = {84E29F69-DCC0-4A8A-86ED-37B7830B1712}
	EndGlobalSection
	GlobalSection(ExtensibilityGlobals) = postSolution
		SolutionGuid = {B341431F-6A00-485A-B02C-6E0DB1105EFD}
	EndGlobalSection
EndGlobal
